
Microsoft Visual Studio Solution File, Format Version 12.00
# Visual Studio 15
VisualStudioVersion = 15.0.26403.7
MinimumVisualStudioVersion = 10.0.40219.1
Project("{FAE04EC0-301F-11D3-BF4B-00C04F79EFBC}") = "PizzeriaMasterpiece", "PizzeriaMasterpiece\PizzeriaMasterpiece.csproj", "{F6E1AE8B-802F-4A1E-A67B-8A2CE0039BF2}"
	ProjectSection(ProjectDependencies) = postProject
		{6D4E1D5B-8640-45A7-AA1B-D83A01093424} = {6D4E1D5B-8640-45A7-AA1B-D83A01093424}
	EndProjectSection
EndProject
Project("{FAE04EC0-301F-11D3-BF4B-00C04F79EFBC}") = "PizzeriaMasterpiece.Model", "PizzeriaMasterpiece.Model\PizzeriaMasterpiece.Model.csproj", "{4410642E-6489-4EBB-B66B-FC2FE9D1BC86}"
EndProject
Project("{FAE04EC0-301F-11D3-BF4B-00C04F79EFBC}") = "PizzeriaMasterpiece.Repository", "PizzeriaMasterpiece.Repository\PizzeriaMasterpiece.Repository.csproj", "{8355D10B-D891-4B1D-852C-70349E086D0D}"
EndProject
Project("{FAE04EC0-301F-11D3-BF4B-00C04F79EFBC}") = "PizzeriaMasterpiece.WCFServices", "PizzeriaMasterpiece.WCFServices\PizzeriaMasterpiece.WCFServices.csproj", "{6D4E1D5B-8640-45A7-AA1B-D83A01093424}"
EndProject
Project("{FAE04EC0-301F-11D3-BF4B-00C04F79EFBC}") = "PizzeriaMasterpiece.WebApiServices", "PizzeriaMasterpiece.WebApiServices\PizzeriaMasterpiece.WebApiServices.csproj", "{28DE7FB0-A3F6-4038-9BF0-01A896138F95}"
EndProject
Project("{FAE04EC0-301F-11D3-BF4B-00C04F79EFBC}") = "PizzeriaMasterpiece.WCFServicesTests", "PizzeriaMasterpiece.WCFServicesTests\PizzeriaMasterpiece.WCFServicesTests.csproj", "{75E67FAB-DDE1-401A-8B29-19B860633D4C}"
EndProject
Project("{FAE04EC0-301F-11D3-BF4B-00C04F79EFBC}") = "PizzeriaMasterpiece.DTO", "PizzeriaMasterpiece.DTO\PizzeriaMasterpiece.DTO.csproj", "{31DDE81B-B835-4B0F-A23A-6EB0720BE072}"
EndProject
Project("{FAE04EC0-301F-11D3-BF4B-00C04F79EFBC}") = "PizzeriaMasterpiece.WebApiServicesTests", "PizzeriaMasterpiece.WebApiServicesTests\PizzeriaMasterpiece.WebApiServicesTests.csproj", "{3277F2C1-497F-4F09-B48B-B7DC9BFFB42E}"
EndProject
Global
	GlobalSection(SolutionConfigurationPlatforms) = preSolution
		Debug|Any CPU = Debug|Any CPU
		Release|Any CPU = Release|Any CPU
	EndGlobalSection
	GlobalSection(ProjectConfigurationPlatforms) = postSolution
		{F6E1AE8B-802F-4A1E-A67B-8A2CE0039BF2}.Debug|Any CPU.ActiveCfg = Debug|Any CPU
		{F6E1AE8B-802F-4A1E-A67B-8A2CE0039BF2}.Debug|Any CPU.Build.0 = Debug|Any CPU
		{F6E1AE8B-802F-4A1E-A67B-8A2CE0039BF2}.Release|Any CPU.ActiveCfg = Release|Any CPU
		{F6E1AE8B-802F-4A1E-A67B-8A2CE0039BF2}.Release|Any CPU.Build.0 = Release|Any CPU
		{4410642E-6489-4EBB-B66B-FC2FE9D1BC86}.Debug|Any CPU.ActiveCfg = Debug|Any CPU
		{4410642E-6489-4EBB-B66B-FC2FE9D1BC86}.Debug|Any CPU.Build.0 = Debug|Any CPU
		{4410642E-6489-4EBB-B66B-FC2FE9D1BC86}.Release|Any CPU.ActiveCfg = Release|Any CPU
		{4410642E-6489-4EBB-B66B-FC2FE9D1BC86}.Release|Any CPU.Build.0 = Release|Any CPU
		{8355D10B-D891-4B1D-852C-70349E086D0D}.Debug|Any CPU.ActiveCfg = Debug|Any CPU
		{8355D10B-D891-4B1D-852C-70349E086D0D}.Debug|Any CPU.Build.0 = Debug|Any CPU
		{8355D10B-D891-4B1D-852C-70349E086D0D}.Release|Any CPU.ActiveCfg = Release|Any CPU
		{8355D10B-D891-4B1D-852C-70349E086D0D}.Release|Any CPU.Build.0 = Release|Any CPU
		{6D4E1D5B-8640-45A7-AA1B-D83A01093424}.Debug|Any CPU.ActiveCfg = Debug|Any CPU
		{6D4E1D5B-8640-45A7-AA1B-D83A01093424}.Debug|Any CPU.Build.0 = Debug|Any CPU
		{6D4E1D5B-8640-45A7-AA1B-D83A01093424}.Release|Any CPU.ActiveCfg = Release|Any CPU
		{6D4E1D5B-8640-45A7-AA1B-D83A01093424}.Release|Any CPU.Build.0 = Release|Any CPU
		{28DE7FB0-A3F6-4038-9BF0-01A896138F95}.Debug|Any CPU.ActiveCfg = Debug|Any CPU
		{28DE7FB0-A3F6-4038-9BF0-01A896138F95}.Debug|Any CPU.Build.0 = Debug|Any CPU
		{28DE7FB0-A3F6-4038-9BF0-01A896138F95}.Release|Any CPU.ActiveCfg = Release|Any CPU
		{28DE7FB0-A3F6-4038-9BF0-01A896138F95}.Release|Any CPU.Build.0 = Release|Any CPU
		{75E67FAB-DDE1-401A-8B29-19B860633D4C}.Debug|Any CPU.ActiveCfg = Debug|Any CPU
		{75E67FAB-DDE1-401A-8B29-19B860633D4C}.Debug|Any CPU.Build.0 = Debug|Any CPU
		{75E67FAB-DDE1-401A-8B29-19B860633D4C}.Release|Any CPU.ActiveCfg = Release|Any CPU
		{75E67FAB-DDE1-401A-8B29-19B860633D4C}.Release|Any CPU.Build.0 = Release|Any CPU
		{31DDE81B-B835-4B0F-A23A-6EB0720BE072}.Debug|Any CPU.ActiveCfg = Debug|Any CPU
		{31DDE81B-B835-4B0F-A23A-6EB0720BE072}.Debug|Any CPU.Build.0 = Debug|Any CPU
		{31DDE81B-B835-4B0F-A23A-6EB0720BE072}.Release|Any CPU.ActiveCfg = Release|Any CPU
		{31DDE81B-B835-4B0F-A23A-6EB0720BE072}.Release|Any CPU.Build.0 = Release|Any CPU
		{3277F2C1-497F-4F09-B48B-B7DC9BFFB42E}.Debug|Any CPU.ActiveCfg = Debug|Any CPU
		{3277F2C1-497F-4F09-B48B-B7DC9BFFB42E}.Debug|Any CPU.Build.0 = Debug|Any CPU
		{3277F2C1-497F-4F09-B48B-B7DC9BFFB42E}.Release|Any CPU.ActiveCfg = Release|Any CPU
		{3277F2C1-497F-4F09-B48B-B7DC9BFFB42E}.Release|Any CPU.Build.0 = Release|Any CPU
	EndGlobalSection
	GlobalSection(SolutionProperties) = preSolution
		HideSolutionNode = FALSE
	EndGlobalSection
EndGlobal
